// !$*UTF8*$!
{
	archiveVersion = 1;
	classes = {
	};
	objectVersion = 56;
	objects = {

/* Begin PBXBuildFile section */
		236758982B4E78A60096F5F8 /* StarWarsAppApp.swift in Sources */ = {isa = PBXBuildFile; fileRef = 236758972B4E78A60096F5F8 /* StarWarsAppApp.swift */; };
		2367589E2B4E78A80096F5F8 /* Assets.xcassets in Resources */ = {isa = PBXBuildFile; fileRef = 2367589D2B4E78A80096F5F8 /* Assets.xcassets */; };
		236758A12B4E78A80096F5F8 /* Preview Assets.xcassets in Resources */ = {isa = PBXBuildFile; fileRef = 236758A02B4E78A80096F5F8 /* Preview Assets.xcassets */; };
		236758B52B4E78A80096F5F8 /* StarWarsAppUITests.swift in Sources */ = {isa = PBXBuildFile; fileRef = 236758B42B4E78A80096F5F8 /* StarWarsAppUITests.swift */; };
		236758B72B4E78A80096F5F8 /* StarWarsAppUITestsLaunchTests.swift in Sources */ = {isa = PBXBuildFile; fileRef = 236758B62B4E78A80096F5F8 /* StarWarsAppUITestsLaunchTests.swift */; };
		236758C72B4E7F900096F5F8 /* FilmsView.swift in Sources */ = {isa = PBXBuildFile; fileRef = 236758C62B4E7F900096F5F8 /* FilmsView.swift */; };
		236758C92B4E7FBD0096F5F8 /* FilmsViewModel.swift in Sources */ = {isa = PBXBuildFile; fileRef = 236758C82B4E7FBD0096F5F8 /* FilmsViewModel.swift */; };
		236758CD2B4E803B0096F5F8 /* NetworkManager.swift in Sources */ = {isa = PBXBuildFile; fileRef = 236758CC2B4E803B0096F5F8 /* NetworkManager.swift */; };
		236758D02B4E80740096F5F8 /* APIRouter.swift in Sources */ = {isa = PBXBuildFile; fileRef = 236758CF2B4E80740096F5F8 /* APIRouter.swift */; };
		236758D32B4E81160096F5F8 /* EndpointType.swift in Sources */ = {isa = PBXBuildFile; fileRef = 236758D22B4E81160096F5F8 /* EndpointType.swift */; };
		236758D52B4E81360096F5F8 /* HTTPMethod.swift in Sources */ = {isa = PBXBuildFile; fileRef = 236758D42B4E81360096F5F8 /* HTTPMethod.swift */; };
		236758D82B4E818B0096F5F8 /* FilmsList.swift in Sources */ = {isa = PBXBuildFile; fileRef = 236758D72B4E818B0096F5F8 /* FilmsList.swift */; };
		236758DB2B4E859E0096F5F8 /* View+Error.swift in Sources */ = {isa = PBXBuildFile; fileRef = 236758DA2B4E859E0096F5F8 /* View+Error.swift */; };
		236758DD2B4E85F40096F5F8 /* Color+UIColor.swift in Sources */ = {isa = PBXBuildFile; fileRef = 236758DC2B4E85F40096F5F8 /* Color+UIColor.swift */; };
		236758E12B4E88940096F5F8 /* FilmDetailView.swift in Sources */ = {isa = PBXBuildFile; fileRef = 236758E02B4E88940096F5F8 /* FilmDetailView.swift */; };
		236758E32B4EA4670096F5F8 /* FilmDetailViewModel.swift in Sources */ = {isa = PBXBuildFile; fileRef = 236758E22B4EA4670096F5F8 /* FilmDetailViewModel.swift */; };
		236758E82B4EDE660096F5F8 /* UserDefaults+Storage.swift in Sources */ = {isa = PBXBuildFile; fileRef = 236758E72B4EDE660096F5F8 /* UserDefaults+Storage.swift */; };
		236758EB2B4EF5480096F5F8 /* CustomProgressView.swift in Sources */ = {isa = PBXBuildFile; fileRef = 236758EA2B4EF5480096F5F8 /* CustomProgressView.swift */; };
		23EBA7AB2B53B86700166701 /* HomeView.swift in Sources */ = {isa = PBXBuildFile; fileRef = 23EBA7AA2B53B86600166701 /* HomeView.swift */; };
		23EBA7AE2B53BAD300166701 /* FavoritesView.swift in Sources */ = {isa = PBXBuildFile; fileRef = 23EBA7AD2B53BAD300166701 /* FavoritesView.swift */; };
		23EBA7B02B53C57200166701 /* FavoritesViewModel.swift in Sources */ = {isa = PBXBuildFile; fileRef = 23EBA7AF2B53C57200166701 /* FavoritesViewModel.swift */; };
		23EBA7B32B53CCC300166701 /* Strings.swift in Sources */ = {isa = PBXBuildFile; fileRef = 23EBA7B22B53CCC300166701 /* Strings.swift */; };
		236758ED2B4F0A9E0096F5F8 /* FilmsViewModelTests.swift in Sources */ = {isa = PBXBuildFile; fileRef = 236758EC2B4F0A9E0096F5F8 /* FilmsViewModelTests.swift */; };
		2394FEEF2B5202B000008F23 /* APIRouterTests.swift in Sources */ = {isa = PBXBuildFile; fileRef = 2394FEEE2B5202B000008F23 /* APIRouterTests.swift */; };
		2394FEF12B5209F600008F23 /* NetworkManagerTests.swift in Sources */ = {isa = PBXBuildFile; fileRef = 2394FEF02B5209F600008F23 /* NetworkManagerTests.swift */; };
		2394FEF32B521FE100008F23 /* FilmDetailViewModelTests.swift in Sources */ = {isa = PBXBuildFile; fileRef = 2394FEF22B521FE100008F23 /* FilmDetailViewModelTests.swift */; };
/* End PBXBuildFile section */

/* Begin PBXContainerItemProxy section */
		236758A72B4E78A80096F5F8 /* PBXContainerItemProxy */ = {
			isa = PBXContainerItemProxy;
			containerPortal = 2367588C2B4E78A60096F5F8 /* Project object */;
			proxyType = 1;
			remoteGlobalIDString = 236758932B4E78A60096F5F8;
			remoteInfo = StarWarsApp;
		};
		236758B12B4E78A80096F5F8 /* PBXContainerItemProxy */ = {
			isa = PBXContainerItemProxy;
			containerPortal = 2367588C2B4E78A60096F5F8 /* Project object */;
			proxyType = 1;
			remoteGlobalIDString = 236758932B4E78A60096F5F8;
			remoteInfo = StarWarsApp;
		};
/* End PBXContainerItemProxy section */

/* Begin PBXFileReference section */
		236758942B4E78A60096F5F8 /* StarWarsApp.app */ = {isa = PBXFileReference; explicitFileType = wrapper.application; includeInIndex = 0; path = StarWarsApp.app; sourceTree = BUILT_PRODUCTS_DIR; };
		236758972B4E78A60096F5F8 /* StarWarsAppApp.swift */ = {isa = PBXFileReference; lastKnownFileType = sourcecode.swift; path = StarWarsAppApp.swift; sourceTree = "<group>"; };
		2367589D2B4E78A80096F5F8 /* Assets.xcassets */ = {isa = PBXFileReference; lastKnownFileType = folder.assetcatalog; path = Assets.xcassets; sourceTree = "<group>"; };
		236758A02B4E78A80096F5F8 /* Preview Assets.xcassets */ = {isa = PBXFileReference; lastKnownFileType = folder.assetcatalog; path = "Preview Assets.xcassets"; sourceTree = "<group>"; };
		236758A62B4E78A80096F5F8 /* StarWarsAppTests.xctest */ = {isa = PBXFileReference; explicitFileType = wrapper.cfbundle; includeInIndex = 0; path = StarWarsAppTests.xctest; sourceTree = BUILT_PRODUCTS_DIR; };
		236758B02B4E78A80096F5F8 /* StarWarsAppUITests.xctest */ = {isa = PBXFileReference; explicitFileType = wrapper.cfbundle; includeInIndex = 0; path = StarWarsAppUITests.xctest; sourceTree = BUILT_PRODUCTS_DIR; };
		236758B42B4E78A80096F5F8 /* StarWarsAppUITests.swift */ = {isa = PBXFileReference; lastKnownFileType = sourcecode.swift; path = StarWarsAppUITests.swift; sourceTree = "<group>"; };
		236758B62B4E78A80096F5F8 /* StarWarsAppUITestsLaunchTests.swift */ = {isa = PBXFileReference; lastKnownFileType = sourcecode.swift; path = StarWarsAppUITestsLaunchTests.swift; sourceTree = "<group>"; };
		236758C62B4E7F900096F5F8 /* FilmsView.swift */ = {isa = PBXFileReference; lastKnownFileType = sourcecode.swift; path = FilmsView.swift; sourceTree = "<group>"; };
		236758C82B4E7FBD0096F5F8 /* FilmsViewModel.swift */ = {isa = PBXFileReference; lastKnownFileType = sourcecode.swift; path = FilmsViewModel.swift; sourceTree = "<group>"; };
		236758CC2B4E803B0096F5F8 /* NetworkManager.swift */ = {isa = PBXFileReference; lastKnownFileType = sourcecode.swift; path = NetworkManager.swift; sourceTree = "<group>"; };
		236758CF2B4E80740096F5F8 /* APIRouter.swift */ = {isa = PBXFileReference; lastKnownFileType = sourcecode.swift; path = APIRouter.swift; sourceTree = "<group>"; };
		236758D22B4E81160096F5F8 /* EndpointType.swift */ = {isa = PBXFileReference; lastKnownFileType = sourcecode.swift; path = EndpointType.swift; sourceTree = "<group>"; };
		236758D42B4E81360096F5F8 /* HTTPMethod.swift */ = {isa = PBXFileReference; lastKnownFileType = sourcecode.swift; path = HTTPMethod.swift; sourceTree = "<group>"; };
		236758D72B4E818B0096F5F8 /* FilmsList.swift */ = {isa = PBXFileReference; lastKnownFileType = sourcecode.swift; path = FilmsList.swift; sourceTree = "<group>"; };
		236758DA2B4E859E0096F5F8 /* View+Error.swift */ = {isa = PBXFileReference; lastKnownFileType = sourcecode.swift; path = "View+Error.swift"; sourceTree = "<group>"; };
		236758DC2B4E85F40096F5F8 /* Color+UIColor.swift */ = {isa = PBXFileReference; lastKnownFileType = sourcecode.swift; path = "Color+UIColor.swift"; sourceTree = "<group>"; };
		236758E02B4E88940096F5F8 /* FilmDetailView.swift */ = {isa = PBXFileReference; lastKnownFileType = sourcecode.swift; path = FilmDetailView.swift; sourceTree = "<group>"; };
		236758E22B4EA4670096F5F8 /* FilmDetailViewModel.swift */ = {isa = PBXFileReference; lastKnownFileType = sourcecode.swift; path = FilmDetailViewModel.swift; sourceTree = "<group>"; };
		236758E72B4EDE660096F5F8 /* UserDefaults+Storage.swift */ = {isa = PBXFileReference; lastKnownFileType = sourcecode.swift; path = "UserDefaults+Storage.swift"; sourceTree = "<group>"; };
		236758EA2B4EF5480096F5F8 /* CustomProgressView.swift */ = {isa = PBXFileReference; lastKnownFileType = sourcecode.swift; path = CustomProgressView.swift; sourceTree = "<group>"; };
		23EBA7AA2B53B86600166701 /* HomeView.swift */ = {isa = PBXFileReference; lastKnownFileType = sourcecode.swift; path = HomeView.swift; sourceTree = "<group>"; };
		23EBA7AD2B53BAD300166701 /* FavoritesView.swift */ = {isa = PBXFileReference; lastKnownFileType = sourcecode.swift; path = FavoritesView.swift; sourceTree = "<group>"; };
		23EBA7AF2B53C57200166701 /* FavoritesViewModel.swift */ = {isa = PBXFileReference; lastKnownFileType = sourcecode.swift; path = FavoritesViewModel.swift; sourceTree = "<group>"; };
		23EBA7B22B53CCC300166701 /* Strings.swift */ = {isa = PBXFileReference; lastKnownFileType = sourcecode.swift; path = Strings.swift; sourceTree = "<group>"; };
		236758EC2B4F0A9E0096F5F8 /* FilmsViewModelTests.swift */ = {isa = PBXFileReference; lastKnownFileType = sourcecode.swift; path = FilmsViewModelTests.swift; sourceTree = "<group>"; };
		2394FEEE2B5202B000008F23 /* APIRouterTests.swift */ = {isa = PBXFileReference; lastKnownFileType = sourcecode.swift; path = APIRouterTests.swift; sourceTree = "<group>"; };
		2394FEF02B5209F600008F23 /* NetworkManagerTests.swift */ = {isa = PBXFileReference; lastKnownFileType = sourcecode.swift; path = NetworkManagerTests.swift; sourceTree = "<group>"; };
		2394FEF22B521FE100008F23 /* FilmDetailViewModelTests.swift */ = {isa = PBXFileReference; lastKnownFileType = sourcecode.swift; path = FilmDetailViewModelTests.swift; sourceTree = "<group>"; };
/* End PBXFileReference section */

/* Begin PBXFrameworksBuildPhase section */
		236758912B4E78A60096F5F8 /* Frameworks */ = {
			isa = PBXFrameworksBuildPhase;
			buildActionMask = 2147483647;
			files = (
			);
			runOnlyForDeploymentPostprocessing = 0;
		};
		236758A32B4E78A80096F5F8 /* Frameworks */ = {
			isa = PBXFrameworksBuildPhase;
			buildActionMask = 2147483647;
			files = (
			);
			runOnlyForDeploymentPostprocessing = 0;
		};
		236758AD2B4E78A80096F5F8 /* Frameworks */ = {
			isa = PBXFrameworksBuildPhase;
			buildActionMask = 2147483647;
			files = (
			);
			runOnlyForDeploymentPostprocessing = 0;
		};
/* End PBXFrameworksBuildPhase section */

/* Begin PBXGroup section */
		2367588B2B4E78A60096F5F8 = {
			isa = PBXGroup;
			children = (
				236758962B4E78A60096F5F8 /* StarWarsApp */,
				236758A92B4E78A80096F5F8 /* StarWarsAppTests */,
				236758B32B4E78A80096F5F8 /* StarWarsAppUITests */,
				236758952B4E78A60096F5F8 /* Products */,
			);
			sourceTree = "<group>";
		};
		236758952B4E78A60096F5F8 /* Products */ = {
			isa = PBXGroup;
			children = (
				236758942B4E78A60096F5F8 /* StarWarsApp.app */,
				236758A62B4E78A80096F5F8 /* StarWarsAppTests.xctest */,
				236758B02B4E78A80096F5F8 /* StarWarsAppUITests.xctest */,
			);
			name = Products;
			sourceTree = "<group>";
		};
		236758962B4E78A60096F5F8 /* StarWarsApp */ = {
			isa = PBXGroup;
			children = (
				23EBA7B12B53CC9700166701 /* Shared */,
				236758D92B4E856D0096F5F8 /* Extension */,
				236758D62B4E816B0096F5F8 /* Model */,
				236758CA2B4E7FFE0096F5F8 /* Network */,
				236758C32B4E7C850096F5F8 /* Screens */,
				236758972B4E78A60096F5F8 /* StarWarsAppApp.swift */,
				2367589D2B4E78A80096F5F8 /* Assets.xcassets */,
				2367589F2B4E78A80096F5F8 /* Preview Content */,
			);
			path = StarWarsApp;
			sourceTree = "<group>";
		};
		2367589F2B4E78A80096F5F8 /* Preview Content */ = {
			isa = PBXGroup;
			children = (
				236758A02B4E78A80096F5F8 /* Preview Assets.xcassets */,
			);
			path = "Preview Content";
			sourceTree = "<group>";
		};
		236758A92B4E78A80096F5F8 /* StarWarsAppTests */ = {
			isa = PBXGroup;
			children = (
				2394FEEE2B5202B000008F23 /* APIRouterTests.swift */,
				2394FEF02B5209F600008F23 /* NetworkManagerTests.swift */,
				236758EC2B4F0A9E0096F5F8 /* FilmsViewModelTests.swift */,
				2394FEF22B521FE100008F23 /* FilmDetailViewModelTests.swift */,
			);
			path = StarWarsAppTests;
			sourceTree = "<group>";
		};
		236758B32B4E78A80096F5F8 /* StarWarsAppUITests */ = {
			isa = PBXGroup;
			children = (
				236758B42B4E78A80096F5F8 /* StarWarsAppUITests.swift */,
				236758B62B4E78A80096F5F8 /* StarWarsAppUITestsLaunchTests.swift */,
			);
			path = StarWarsAppUITests;
			sourceTree = "<group>";
		};
		236758C32B4E7C850096F5F8 /* Screens */ = {
			isa = PBXGroup;
			children = (
				23EBA7AC2B53BABD00166701 /* Favorites */,
				23EBA7A92B53B85700166701 /* Home */,
				236758C52B4E7CF50096F5F8 /* FilmDetail */,
				236758C42B4E7CC40096F5F8 /* Films */,
			);
			path = Screens;
			sourceTree = "<group>";
		};
		236758C42B4E7CC40096F5F8 /* Films */ = {
			isa = PBXGroup;
			children = (
				236758C62B4E7F900096F5F8 /* FilmsView.swift */,
				236758C82B4E7FBD0096F5F8 /* FilmsViewModel.swift */,
			);
			path = Films;
			sourceTree = "<group>";
		};
		236758C52B4E7CF50096F5F8 /* FilmDetail */ = {
			isa = PBXGroup;
			children = (
				236758E02B4E88940096F5F8 /* FilmDetailView.swift */,
				236758E22B4EA4670096F5F8 /* FilmDetailViewModel.swift */,
			);
			path = FilmDetail;
			sourceTree = "<group>";
		};
		236758CA2B4E7FFE0096F5F8 /* Network */ = {
			isa = PBXGroup;
			children = (
				236758D12B4E80EA0096F5F8 /* Service */,
				236758CE2B4E80580096F5F8 /* Router */,
				236758CB2B4E80290096F5F8 /* Manager */,
			);
			path = Network;
			sourceTree = "<group>";
		};
		236758CB2B4E80290096F5F8 /* Manager */ = {
			isa = PBXGroup;
			children = (
				236758CC2B4E803B0096F5F8 /* NetworkManager.swift */,
			);
			path = Manager;
			sourceTree = "<group>";
		};
		236758CE2B4E80580096F5F8 /* Router */ = {
			isa = PBXGroup;
			children = (
				236758CF2B4E80740096F5F8 /* APIRouter.swift */,
			);
			path = Router;
			sourceTree = "<group>";
		};
		236758D12B4E80EA0096F5F8 /* Service */ = {
			isa = PBXGroup;
			children = (
				236758D42B4E81360096F5F8 /* HTTPMethod.swift */,
				236758D22B4E81160096F5F8 /* EndpointType.swift */,
			);
			path = Service;
			sourceTree = "<group>";
		};
		236758D62B4E816B0096F5F8 /* Model */ = {
			isa = PBXGroup;
			children = (
				236758D72B4E818B0096F5F8 /* FilmsList.swift */,
			);
			path = Model;
			sourceTree = "<group>";
		};
		236758D92B4E856D0096F5F8 /* Extension */ = {
			isa = PBXGroup;
			children = (
				236758DA2B4E859E0096F5F8 /* View+Error.swift */,
				236758DC2B4E85F40096F5F8 /* Color+UIColor.swift */,
				236758E72B4EDE660096F5F8 /* UserDefaults+Storage.swift */,
			);
			path = Extension;
			sourceTree = "<group>";
		};
		236758E92B4EF5250096F5F8 /* ReusableComponents */ = {
			isa = PBXGroup;
			children = (
				236758EA2B4EF5480096F5F8 /* CustomProgressView.swift */,
			);
			path = ReusableComponents;
			sourceTree = "<group>";
		};
		23EBA7A92B53B85700166701 /* Home */ = {
			isa = PBXGroup;
			children = (
				23EBA7AA2B53B86600166701 /* HomeView.swift */,
			);
			path = Home;
			sourceTree = "<group>";
		};
		23EBA7AC2B53BABD00166701 /* Favorites */ = {
			isa = PBXGroup;
			children = (
				23EBA7AD2B53BAD300166701 /* FavoritesView.swift */,
				23EBA7AF2B53C57200166701 /* FavoritesViewModel.swift */,
			);
			path = Favorites;
			sourceTree = "<group>";
		};
		23EBA7B12B53CC9700166701 /* Shared */ = {
			isa = PBXGroup;
			children = (
				236758E92B4EF5250096F5F8 /* ReusableComponents */,
				23EBA7B22B53CCC300166701 /* Strings.swift */,
			);
			path = Shared;
			sourceTree = "<group>";
		};
/* End PBXGroup section */

/* Begin PBXNativeTarget section */
		236758932B4E78A60096F5F8 /* StarWarsApp */ = {
			isa = PBXNativeTarget;
			buildConfigurationList = 236758BA2B4E78A80096F5F8 /* Build configuration list for PBXNativeTarget "StarWarsApp" */;
			buildPhases = (
				236758902B4E78A60096F5F8 /* Sources */,
				236758912B4E78A60096F5F8 /* Frameworks */,
				236758922B4E78A60096F5F8 /* Resources */,
			);
			buildRules = (
			);
			dependencies = (
			);
			name = StarWarsApp;
			productName = StarWarsApp;
			productReference = 236758942B4E78A60096F5F8 /* StarWarsApp.app */;
			productType = "com.apple.product-type.application";
		};
		236758A52B4E78A80096F5F8 /* StarWarsAppTests */ = {
			isa = PBXNativeTarget;
			buildConfigurationList = 236758BD2B4E78A80096F5F8 /* Build configuration list for PBXNativeTarget "StarWarsAppTests" */;
			buildPhases = (
				236758A22B4E78A80096F5F8 /* Sources */,
				236758A32B4E78A80096F5F8 /* Frameworks */,
				236758A42B4E78A80096F5F8 /* Resources */,
			);
			buildRules = (
			);
			dependencies = (
				236758A82B4E78A80096F5F8 /* PBXTargetDependency */,
			);
			name = StarWarsAppTests;
			productName = StarWarsAppTests;
			productReference = 236758A62B4E78A80096F5F8 /* StarWarsAppTests.xctest */;
			productType = "com.apple.product-type.bundle.unit-test";
		};
		236758AF2B4E78A80096F5F8 /* StarWarsAppUITests */ = {
			isa = PBXNativeTarget;
			buildConfigurationList = 236758C02B4E78A80096F5F8 /* Build configuration list for PBXNativeTarget "StarWarsAppUITests" */;
			buildPhases = (
				236758AC2B4E78A80096F5F8 /* Sources */,
				236758AD2B4E78A80096F5F8 /* Frameworks */,
				236758AE2B4E78A80096F5F8 /* Resources */,
			);
			buildRules = (
			);
			dependencies = (
				236758B22B4E78A80096F5F8 /* PBXTargetDependency */,
			);
			name = StarWarsAppUITests;
			productName = StarWarsAppUITests;
			productReference = 236758B02B4E78A80096F5F8 /* StarWarsAppUITests.xctest */;
			productType = "com.apple.product-type.bundle.ui-testing";
		};
/* End PBXNativeTarget section */

/* Begin PBXProject section */
		2367588C2B4E78A60096F5F8 /* Project object */ = {
			isa = PBXProject;
			attributes = {
				BuildIndependentTargetsInParallel = 1;
				LastSwiftUpdateCheck = 1500;
				LastUpgradeCheck = 1500;
				TargetAttributes = {
					236758932B4E78A60096F5F8 = {
						CreatedOnToolsVersion = 15.0.1;
					};
					236758A52B4E78A80096F5F8 = {
						CreatedOnToolsVersion = 15.0.1;
						TestTargetID = 236758932B4E78A60096F5F8;
					};
					236758AF2B4E78A80096F5F8 = {
						CreatedOnToolsVersion = 15.0.1;
						TestTargetID = 236758932B4E78A60096F5F8;
					};
				};
			};
			buildConfigurationList = 2367588F2B4E78A60096F5F8 /* Build configuration list for PBXProject "StarWarsApp" */;
			compatibilityVersion = "Xcode 14.0";
			developmentRegion = en;
			hasScannedForEncodings = 0;
			knownRegions = (
				en,
				Base,
			);
			mainGroup = 2367588B2B4E78A60096F5F8;
			productRefGroup = 236758952B4E78A60096F5F8 /* Products */;
			projectDirPath = "";
			projectRoot = "";
			targets = (
				236758932B4E78A60096F5F8 /* StarWarsApp */,
				236758A52B4E78A80096F5F8 /* StarWarsAppTests */,
				236758AF2B4E78A80096F5F8 /* StarWarsAppUITests */,
			);
		};
/* End PBXProject section */

/* Begin PBXResourcesBuildPhase section */
		236758922B4E78A60096F5F8 /* Resources */ = {
			isa = PBXResourcesBuildPhase;
			buildActionMask = 2147483647;
			files = (
				236758A12B4E78A80096F5F8 /* Preview Assets.xcassets in Resources */,
				2367589E2B4E78A80096F5F8 /* Assets.xcassets in Resources */,
			);
			runOnlyForDeploymentPostprocessing = 0;
		};
		236758A42B4E78A80096F5F8 /* Resources */ = {
			isa = PBXResourcesBuildPhase;
			buildActionMask = 2147483647;
			files = (
			);
			runOnlyForDeploymentPostprocessing = 0;
		};
		236758AE2B4E78A80096F5F8 /* Resources */ = {
			isa = PBXResourcesBuildPhase;
			buildActionMask = 2147483647;
			files = (
			);
			runOnlyForDeploymentPostprocessing = 0;
		};
/* End PBXResourcesBuildPhase section */

/* Begin PBXSourcesBuildPhase section */
		236758902B4E78A60096F5F8 /* Sources */ = {
			isa = PBXSourcesBuildPhase;
			buildActionMask = 2147483647;
			files = (
				236758DB2B4E859E0096F5F8 /* View+Error.swift in Sources */,
				23EBA7B32B53CCC300166701 /* Strings.swift in Sources */,
				236758D32B4E81160096F5F8 /* EndpointType.swift in Sources */,
				236758EB2B4EF5480096F5F8 /* CustomProgressView.swift in Sources */,
				236758D02B4E80740096F5F8 /* APIRouter.swift in Sources */,
				236758CD2B4E803B0096F5F8 /* NetworkManager.swift in Sources */,
				236758E12B4E88940096F5F8 /* FilmDetailView.swift in Sources */,
				236758D82B4E818B0096F5F8 /* FilmsList.swift in Sources */,
				236758DD2B4E85F40096F5F8 /* Color+UIColor.swift in Sources */,
				236758C92B4E7FBD0096F5F8 /* FilmsViewModel.swift in Sources */,
				236758C72B4E7F900096F5F8 /* FilmsView.swift in Sources */,
				236758D52B4E81360096F5F8 /* HTTPMethod.swift in Sources */,
				236758E82B4EDE660096F5F8 /* UserDefaults+Storage.swift in Sources */,
				23EBA7B02B53C57200166701 /* FavoritesViewModel.swift in Sources */,
				2367589C2B4E78A60096F5F8 /* Item.swift in Sources */,
				23EBA7AE2B53BAD300166701 /* FavoritesView.swift in Sources */,
				23EBA7AB2B53B86700166701 /* HomeView.swift in Sources */,
				236758982B4E78A60096F5F8 /* StarWarsAppApp.swift in Sources */,
				236758E32B4EA4670096F5F8 /* FilmDetailViewModel.swift in Sources */,
			);
			runOnlyForDeploymentPostprocessing = 0;
		};
		236758A22B4E78A80096F5F8 /* Sources */ = {
			isa = PBXSourcesBuildPhase;
			buildActionMask = 2147483647;
			files = (
				2394FEF12B5209F600008F23 /* NetworkManagerTests.swift in Sources */,
				2394FEEF2B5202B000008F23 /* APIRouterTests.swift in Sources */,
				236758ED2B4F0A9E0096F5F8 /* FilmsViewModelTests.swift in Sources */,
				2394FEF32B521FE100008F23 /* FilmDetailViewModelTests.swift in Sources */,
			);
			runOnlyForDeploymentPostprocessing = 0;
		};
		236758AC2B4E78A80096F5F8 /* Sources */ = {
			isa = PBXSourcesBuildPhase;
			buildActionMask = 2147483647;
			files = (
				236758B52B4E78A80096F5F8 /* StarWarsAppUITests.swift in Sources */,
				236758B72B4E78A80096F5F8 /* StarWarsAppUITestsLaunchTests.swift in Sources */,
			);
			runOnlyForDeploymentPostprocessing = 0;
		};
/* End PBXSourcesBuildPhase section */

/* Begin PBXTargetDependency section */
		236758A82B4E78A80096F5F8 /* PBXTargetDependency */ = {
			isa = PBXTargetDependency;
			target = 236758932B4E78A60096F5F8 /* StarWarsApp */;
			targetProxy = 236758A72B4E78A80096F5F8 /* PBXContainerItemProxy */;
		};
		236758B22B4E78A80096F5F8 /* PBXTargetDependency */ = {
			isa = PBXTargetDependency;
			target = 236758932B4E78A60096F5F8 /* StarWarsApp */;
			targetProxy = 236758B12B4E78A80096F5F8 /* PBXContainerItemProxy */;
		};
/* End PBXTargetDependency section */

/* Begin XCBuildConfiguration section */
		236758B82B4E78A80096F5F8 /* Debug */ = {
			isa = XCBuildConfiguration;
			buildSettings = {
				ALWAYS_SEARCH_USER_PATHS = NO;
				ASSETCATALOG_COMPILER_GENERATE_SWIFT_ASSET_SYMBOL_EXTENSIONS = YES;
				CLANG_ANALYZER_NONNULL = YES;
				CLANG_ANALYZER_NUMBER_OBJECT_CONVERSION = YES_AGGRESSIVE;
				CLANG_CXX_LANGUAGE_STANDARD = "gnu++20";
				CLANG_ENABLE_MODULES = YES;
				CLANG_ENABLE_OBJC_ARC = YES;
				CLANG_ENABLE_OBJC_WEAK = YES;
				CLANG_WARN_BLOCK_CAPTURE_AUTORELEASING = YES;
				CLANG_WARN_BOOL_CONVERSION = YES;
				CLANG_WARN_COMMA = YES;
				CLANG_WARN_CONSTANT_CONVERSION = YES;
				CLANG_WARN_DEPRECATED_OBJC_IMPLEMENTATIONS = YES;
				CLANG_WARN_DIRECT_OBJC_ISA_USAGE = YES_ERROR;
				CLANG_WARN_DOCUMENTATION_COMMENTS = YES;
				CLANG_WARN_EMPTY_BODY = YES;
				CLANG_WARN_ENUM_CONVERSION = YES;
				CLANG_WARN_INFINITE_RECURSION = YES;
				CLANG_WARN_INT_CONVERSION = YES;
				CLANG_WARN_NON_LITERAL_NULL_CONVERSION = YES;
				CLANG_WARN_OBJC_IMPLICIT_RETAIN_SELF = YES;
				CLANG_WARN_OBJC_LITERAL_CONVERSION = YES;
				CLANG_WARN_OBJC_ROOT_CLASS = YES_ERROR;
				CLANG_WARN_QUOTED_INCLUDE_IN_FRAMEWORK_HEADER = YES;
				CLANG_WARN_RANGE_LOOP_ANALYSIS = YES;
				CLANG_WARN_STRICT_PROTOTYPES = YES;
				CLANG_WARN_SUSPICIOUS_MOVE = YES;
				CLANG_WARN_UNGUARDED_AVAILABILITY = YES_AGGRESSIVE;
				CLANG_WARN_UNREACHABLE_CODE = YES;
				CLANG_WARN__DUPLICATE_METHOD_MATCH = YES;
				COPY_PHASE_STRIP = NO;
				DEBUG_INFORMATION_FORMAT = dwarf;
				ENABLE_STRICT_OBJC_MSGSEND = YES;
				ENABLE_TESTABILITY = YES;
				ENABLE_USER_SCRIPT_SANDBOXING = YES;
				GCC_C_LANGUAGE_STANDARD = gnu17;
				GCC_DYNAMIC_NO_PIC = NO;
				GCC_NO_COMMON_BLOCKS = YES;
				GCC_OPTIMIZATION_LEVEL = 0;
				GCC_PREPROCESSOR_DEFINITIONS = (
					"DEBUG=1",
					"$(inherited)",
				);
				GCC_WARN_64_TO_32_BIT_CONVERSION = YES;
				GCC_WARN_ABOUT_RETURN_TYPE = YES_ERROR;
				GCC_WARN_UNDECLARED_SELECTOR = YES;
				GCC_WARN_UNINITIALIZED_AUTOS = YES_AGGRESSIVE;
				GCC_WARN_UNUSED_FUNCTION = YES;
				GCC_WARN_UNUSED_VARIABLE = YES;
				IPHONEOS_DEPLOYMENT_TARGET = 17.0;
				LOCALIZATION_PREFERS_STRING_CATALOGS = YES;
				MTL_ENABLE_DEBUG_INFO = INCLUDE_SOURCE;
				MTL_FAST_MATH = YES;
				ONLY_ACTIVE_ARCH = YES;
				SDKROOT = iphoneos;
				SWIFT_ACTIVE_COMPILATION_CONDITIONS = "DEBUG $(inherited)";
				SWIFT_OPTIMIZATION_LEVEL = "-Onone";
			};
			name = Debug;
		};
		236758B92B4E78A80096F5F8 /* Release */ = {
			isa = XCBuildConfiguration;
			buildSettings = {
				ALWAYS_SEARCH_USER_PATHS = NO;
				ASSETCATALOG_COMPILER_GENERATE_SWIFT_ASSET_SYMBOL_EXTENSIONS = YES;
				CLANG_ANALYZER_NONNULL = YES;
				CLANG_ANALYZER_NUMBER_OBJECT_CONVERSION = YES_AGGRESSIVE;
				CLANG_CXX_LANGUAGE_STANDARD = "gnu++20";
				CLANG_ENABLE_MODULES = YES;
				CLANG_ENABLE_OBJC_ARC = YES;
				CLANG_ENABLE_OBJC_WEAK = YES;
				CLANG_WARN_BLOCK_CAPTURE_AUTORELEASING = YES;
				CLANG_WARN_BOOL_CONVERSION = YES;
				CLANG_WARN_COMMA = YES;
				CLANG_WARN_CONSTANT_CONVERSION = YES;
				CLANG_WARN_DEPRECATED_OBJC_IMPLEMENTATIONS = YES;
				CLANG_WARN_DIRECT_OBJC_ISA_USAGE = YES_ERROR;
				CLANG_WARN_DOCUMENTATION_COMMENTS = YES;
				CLANG_WARN_EMPTY_BODY = YES;
				CLANG_WARN_ENUM_CONVERSION = YES;
				CLANG_WARN_INFINITE_RECURSION = YES;
				CLANG_WARN_INT_CONVERSION = YES;
				CLANG_WARN_NON_LITERAL_NULL_CONVERSION = YES;
				CLANG_WARN_OBJC_IMPLICIT_RETAIN_SELF = YES;
				CLANG_WARN_OBJC_LITERAL_CONVERSION = YES;
				CLANG_WARN_OBJC_ROOT_CLASS = YES_ERROR;
				CLANG_WARN_QUOTED_INCLUDE_IN_FRAMEWORK_HEADER = YES;
				CLANG_WARN_RANGE_LOOP_ANALYSIS = YES;
				CLANG_WARN_STRICT_PROTOTYPES = YES;
				CLANG_WARN_SUSPICIOUS_MOVE = YES;
				CLANG_WARN_UNGUARDED_AVAILABILITY = YES_AGGRESSIVE;
				CLANG_WARN_UNREACHABLE_CODE = YES;
				CLANG_WARN__DUPLICATE_METHOD_MATCH = YES;
				COPY_PHASE_STRIP = NO;
				DEBUG_INFORMATION_FORMAT = "dwarf-with-dsym";
				ENABLE_NS_ASSERTIONS = NO;
				ENABLE_STRICT_OBJC_MSGSEND = YES;
				ENABLE_USER_SCRIPT_SANDBOXING = YES;
				GCC_C_LANGUAGE_STANDARD = gnu17;
				GCC_NO_COMMON_BLOCKS = YES;
				GCC_WARN_64_TO_32_BIT_CONVERSION = YES;
				GCC_WARN_ABOUT_RETURN_TYPE = YES_ERROR;
				GCC_WARN_UNDECLARED_SELECTOR = YES;
				GCC_WARN_UNINITIALIZED_AUTOS = YES_AGGRESSIVE;
				GCC_WARN_UNUSED_FUNCTION = YES;
				GCC_WARN_UNUSED_VARIABLE = YES;
				IPHONEOS_DEPLOYMENT_TARGET = 17.0;
				LOCALIZATION_PREFERS_STRING_CATALOGS = YES;
				MTL_ENABLE_DEBUG_INFO = NO;
				MTL_FAST_MATH = YES;
				SDKROOT = iphoneos;
				SWIFT_COMPILATION_MODE = wholemodule;
				VALIDATE_PRODUCT = YES;
			};
			name = Release;
		};
		236758BB2B4E78A80096F5F8 /* Debug */ = {
			isa = XCBuildConfiguration;
			buildSettings = {
				ASSETCATALOG_COMPILER_APPICON_NAME = AppIcon;
				ASSETCATALOG_COMPILER_GLOBAL_ACCENT_COLOR_NAME = AccentColor;
				CODE_SIGN_STYLE = Automatic;
				CURRENT_PROJECT_VERSION = 1;
				DEVELOPMENT_ASSET_PATHS = "\"StarWarsApp/Preview Content\"";
				DEVELOPMENT_TEAM = YJD3B5Q2BB;
				ENABLE_PREVIEWS = YES;
				GENERATE_INFOPLIST_FILE = YES;
				INFOPLIST_KEY_UIApplicationSceneManifest_Generation = YES;
				INFOPLIST_KEY_UIApplicationSupportsIndirectInputEvents = YES;
				INFOPLIST_KEY_UILaunchScreen_Generation = YES;
				INFOPLIST_KEY_UISupportedInterfaceOrientations_iPad = "UIInterfaceOrientationPortrait UIInterfaceOrientationPortraitUpsideDown UIInterfaceOrientationLandscapeLeft UIInterfaceOrientationLandscapeRight";
				INFOPLIST_KEY_UISupportedInterfaceOrientations_iPhone = "UIInterfaceOrientationPortrait UIInterfaceOrientationLandscapeLeft UIInterfaceOrientationLandscapeRight";
				LD_RUNPATH_SEARCH_PATHS = (
					"$(inherited)",
					"@executable_path/Frameworks",
				);
				MARKETING_VERSION = 1.0;
				PRODUCT_BUNDLE_IDENTIFIER = iyke.StarWarsApp;
				PRODUCT_NAME = "$(TARGET_NAME)";
				SWIFT_EMIT_LOC_STRINGS = YES;
				SWIFT_VERSION = 5.0;
				TARGETED_DEVICE_FAMILY = "1,2";
			};
			name = Debug;
		};
		236758BC2B4E78A80096F5F8 /* Release */ = {
			isa = XCBuildConfiguration;
			buildSettings = {
				ASSETCATALOG_COMPILER_APPICON_NAME = AppIcon;
				ASSETCATALOG_COMPILER_GLOBAL_ACCENT_COLOR_NAME = AccentColor;
				CODE_SIGN_STYLE = Automatic;
				CURRENT_PROJECT_VERSION = 1;
				DEVELOPMENT_ASSET_PATHS = "\"StarWarsApp/Preview Content\"";
				DEVELOPMENT_TEAM = YJD3B5Q2BB;
				ENABLE_PREVIEWS = YES;
				GENERATE_INFOPLIST_FILE = YES;
				INFOPLIST_KEY_UIApplicationSceneManifest_Generation = YES;
				INFOPLIST_KEY_UIApplicationSupportsIndirectInputEvents = YES;
				INFOPLIST_KEY_UILaunchScreen_Generation = YES;
				INFOPLIST_KEY_UISupportedInterfaceOrientations_iPad = "UIInterfaceOrientationPortrait UIInterfaceOrientationPortraitUpsideDown UIInterfaceOrientationLandscapeLeft UIInterfaceOrientationLandscapeRight";
				INFOPLIST_KEY_UISupportedInterfaceOrientations_iPhone = "UIInterfaceOrientationPortrait UIInterfaceOrientationLandscapeLeft UIInterfaceOrientationLandscapeRight";
				LD_RUNPATH_SEARCH_PATHS = (
					"$(inherited)",
					"@executable_path/Frameworks",
				);
				MARKETING_VERSION = 1.0;
				PRODUCT_BUNDLE_IDENTIFIER = iyke.StarWarsApp;
				PRODUCT_NAME = "$(TARGET_NAME)";
				SWIFT_EMIT_LOC_STRINGS = YES;
				SWIFT_VERSION = 5.0;
				TARGETED_DEVICE_FAMILY = "1,2";
			};
			name = Release;
		};
		236758BE2B4E78A80096F5F8 /* Debug */ = {
			isa = XCBuildConfiguration;
			buildSettings = {
				ALWAYS_EMBED_SWIFT_STANDARD_LIBRARIES = YES;
				BUNDLE_LOADER = "$(TEST_HOST)";
				CODE_SIGN_STYLE = Automatic;
				CURRENT_PROJECT_VERSION = 1;
				DEVELOPMENT_TEAM = YJD3B5Q2BB;
				GENERATE_INFOPLIST_FILE = YES;
				IPHONEOS_DEPLOYMENT_TARGET = 17.0;
				MARKETING_VERSION = 1.0;
				PRODUCT_BUNDLE_IDENTIFIER = iyke.StarWarsAppTests;
				PRODUCT_NAME = "$(TARGET_NAME)";
				SWIFT_EMIT_LOC_STRINGS = NO;
				SWIFT_VERSION = 5.0;
				TARGETED_DEVICE_FAMILY = "1,2";
				TEST_HOST = "$(BUILT_PRODUCTS_DIR)/StarWarsApp.app/$(BUNDLE_EXECUTABLE_FOLDER_PATH)/StarWarsApp";
			};
			name = Debug;
		};
		236758BF2B4E78A80096F5F8 /* Release */ = {
			isa = XCBuildConfiguration;
			buildSettings = {
				ALWAYS_EMBED_SWIFT_STANDARD_LIBRARIES = YES;
				BUNDLE_LOADER = "$(TEST_HOST)";
				CODE_SIGN_STYLE = Automatic;
				CURRENT_PROJECT_VERSION = 1;
				DEVELOPMENT_TEAM = YJD3B5Q2BB;
				GENERATE_INFOPLIST_FILE = YES;
				IPHONEOS_DEPLOYMENT_TARGET = 17.0;
				MARKETING_VERSION = 1.0;
				PRODUCT_BUNDLE_IDENTIFIER = iyke.StarWarsAppTests;
				PRODUCT_NAME = "$(TARGET_NAME)";
				SWIFT_EMIT_LOC_STRINGS = NO;
				SWIFT_VERSION = 5.0;
				TARGETED_DEVICE_FAMILY = "1,2";
				TEST_HOST = "$(BUILT_PRODUCTS_DIR)/StarWarsApp.app/$(BUNDLE_EXECUTABLE_FOLDER_PATH)/StarWarsApp";
			};
			name = Release;
		};
		236758C12B4E78A80096F5F8 /* Debug */ = {
			isa = XCBuildConfiguration;
			buildSettings = {
				ALWAYS_EMBED_SWIFT_STANDARD_LIBRARIES = YES;
				CODE_SIGN_STYLE = Automatic;
				CURRENT_PROJECT_VERSION = 1;
				DEVELOPMENT_TEAM = YJD3B5Q2BB;
				GENERATE_INFOPLIST_FILE = YES;
				MARKETING_VERSION = 1.0;
				PRODUCT_BUNDLE_IDENTIFIER = iyke.StarWarsAppUITests;
				PRODUCT_NAME = "$(TARGET_NAME)";
				SWIFT_EMIT_LOC_STRINGS = NO;
				SWIFT_VERSION = 5.0;
				TARGETED_DEVICE_FAMILY = "1,2";
				TEST_TARGET_NAME = StarWarsApp;
			};
			name = Debug;
		};
		236758C22B4E78A80096F5F8 /* Release */ = {
			isa = XCBuildConfiguration;
			buildSettings = {
				ALWAYS_EMBED_SWIFT_STANDARD_LIBRARIES = YES;
				CODE_SIGN_STYLE = Automatic;
				CURRENT_PROJECT_VERSION = 1;
				DEVELOPMENT_TEAM = YJD3B5Q2BB;
				GENERATE_INFOPLIST_FILE = YES;
				MARKETING_VERSION = 1.0;
				PRODUCT_BUNDLE_IDENTIFIER = iyke.StarWarsAppUITests;
				PRODUCT_NAME = "$(TARGET_NAME)";
				SWIFT_EMIT_LOC_STRINGS = NO;
				SWIFT_VERSION = 5.0;
				TARGETED_DEVICE_FAMILY = "1,2";
				TEST_TARGET_NAME = StarWarsApp;
			};
			name = Release;
		};
/* End XCBuildConfiguration section */

/* Begin XCConfigurationList section */
		2367588F2B4E78A60096F5F8 /* Build configuration list for PBXProject "StarWarsApp" */ = {
			isa = XCConfigurationList;
			buildConfigurations = (
				236758B82B4E78A80096F5F8 /* Debug */,
				236758B92B4E78A80096F5F8 /* Release */,
			);
			defaultConfigurationIsVisible = 0;
			defaultConfigurationName = Release;
		};
		236758BA2B4E78A80096F5F8 /* Build configuration list for PBXNativeTarget "StarWarsApp" */ = {
			isa = XCConfigurationList;
			buildConfigurations = (
				236758BB2B4E78A80096F5F8 /* Debug */,
				236758BC2B4E78A80096F5F8 /* Release */,
			);
			defaultConfigurationIsVisible = 0;
			defaultConfigurationName = Release;
		};
		236758BD2B4E78A80096F5F8 /* Build configuration list for PBXNativeTarget "StarWarsAppTests" */ = {
			isa = XCConfigurationList;
			buildConfigurations = (
				236758BE2B4E78A80096F5F8 /* Debug */,
				236758BF2B4E78A80096F5F8 /* Release */,
			);
			defaultConfigurationIsVisible = 0;
			defaultConfigurationName = Release;
		};
		236758C02B4E78A80096F5F8 /* Build configuration list for PBXNativeTarget "StarWarsAppUITests" */ = {
			isa = XCConfigurationList;
			buildConfigurations = (
				236758C12B4E78A80096F5F8 /* Debug */,
				236758C22B4E78A80096F5F8 /* Release */,
			);
			defaultConfigurationIsVisible = 0;
			defaultConfigurationName = Release;
		};
/* End XCConfigurationList section */
	};
	rootObject = 2367588C2B4E78A60096F5F8 /* Project object */;
}
